
Microsoft Visual Studio Solution File, Format Version 12.00
# Visual Studio Version 17
VisualStudioVersion = 17.3.32825.248
MinimumVisualStudioVersion = 10.0.40219.1
Project("{FAE04EC0-301F-11D3-BF4B-00C04F79EFBC}") = "AddDarkModeSupport", "AddDarkModeSupport\AddDarkModeSupport.csproj", "{5C57D842-AE1E-411B-BBFD-9169F09AC0D2}"
EndProject
Global
	GlobalSection(SolutionConfigurationPlatforms) = preSolution
		Debug|Any CPU = Debug|Any CPU
		Release|Any CPU = Release|Any CPU
	EndGlobalSection
	GlobalSection(ProjectConfigurationPlatforms) = postSolution
		{5C57D842-AE1E-411B-BBFD-9169F09AC0D2}.Debug|Any CPU.ActiveCfg = Debug|Any CPU
		{5C57D842-AE1E-411B-BBFD-9169F09AC0D2}.Debug|Any CPU.Build.0 = Debug|Any CPU
		{5C57D842-AE1E-411B-BBFD-9169F09AC0D2}.Release|Any CPU.ActiveCfg = Release|Any CPU
		{5C57D842-AE1E-411B-BBFD-9169F09AC0D2}.Release|Any CPU.Build.0 = Release|Any CPU
	EndGlobalSection
	GlobalSection(SolutionProperties) = preSolution
		HideSolutionNode = FALSE
	EndGlobalSection
	GlobalSection(ExtensibilityGlobals) = postSolution
		SolutionGuid = {04A12095-B957-4715-AF0A-7EB30DDA705C}
	EndGlobalSection
EndGlobal
